// !$*UTF8*$!
{
	archiveVersion = 1;
	classes = {
	};
	objectVersion = 56;
	objects = {

/* Begin PBXBuildFile section */
		A10001 /* GeoTrackApp.swift in Sources */ = {isa = PBXBuildFile; fileRef = B10001 /* GeoTrackApp.swift */; };
		A10002 /* ContentView.swift in Sources */ = {isa = PBXBuildFile; fileRef = B10002 /* ContentView.swift */; };
		A10003 /* LocationManager.swift in Sources */ = {isa = PBXBuildFile; fileRef = B10003 /* LocationManager.swift */; };
		A10004 /* AltitudeFilter.swift in Sources */ = {isa = PBXBuildFile; fileRef = B10004 /* AltitudeFilter.swift */; };
		A10005 /* KalmanLatLong.swift in Sources */ = {isa = PBXBuildFile; fileRef = B10005 /* KalmanLatLong.swift */; };
		A10006 /* TrackModels.swift in Sources */ = {isa = PBXBuildFile; fileRef = B10007 /* TrackModels.swift */; };
		A10007 /* TrackStore.swift in Sources */ = {isa = PBXBuildFile; fileRef = B10008 /* TrackStore.swift */; };
		A10008 /* Exporters.swift in Sources */ = {isa = PBXBuildFile; fileRef = B10009 /* Exporters.swift */; };
		A10009 /* TrackMapView.swift in Sources */ = {isa = PBXBuildFile; fileRef = B10010 /* TrackMapView.swift */; };
		A10010 /* AltitudeSpeedChart.swift in Sources */ = {isa = PBXBuildFile; fileRef = B10011 /* AltitudeSpeedChart.swift */; };
		A10011 /* ReplayControls.swift in Sources */ = {isa = PBXBuildFile; fileRef = B10012 /* ReplayControls.swift */; };
		A10012 /* HistoryListView.swift in Sources */ = {isa = PBXBuildFile; fileRef = B10013 /* HistoryListView.swift */; };
		A10013 /* RecordDetailView.swift in Sources */ = {isa = PBXBuildFile; fileRef = B10014 /* RecordDetailView.swift */; };
/* End PBXBuildFile section */

/* Begin PBXFileReference section */
		C10001 /* GeoTrack.app */ = {isa = PBXFileReference; explicitFileType = wrapper.application; includeInIndex = 0; path = GeoTrack.app; sourceTree = BUILT_PRODUCTS_DIR; };
		B10001 /* GeoTrackApp.swift */ = {isa = PBXFileReference; lastKnownFileType = sourcecode.swift; path = GeoTrackApp.swift; sourceTree = "<group>"; };
		B10002 /* ContentView.swift */ = {isa = PBXFileReference; lastKnownFileType = sourcecode.swift; path = ContentView.swift; sourceTree = "<group>"; };
		B10003 /* LocationManager.swift */ = {isa = PBXFileReference; lastKnownFileType = sourcecode.swift; path = LocationManager.swift; sourceTree = "<group>"; };
		B10004 /* AltitudeFilter.swift */ = {isa = PBXFileReference; lastKnownFileType = sourcecode.swift; path = AltitudeFilter.swift; sourceTree = "<group>"; };
		B10005 /* KalmanLatLong.swift */ = {isa = PBXFileReference; lastKnownFileType = sourcecode.swift; path = KalmanLatLong.swift; sourceTree = "<group>"; };
		B10006 /* Info.plist */ = {isa = PBXFileReference; lastKnownFileType = text.plist.xml; path = Info.plist; sourceTree = "<group>"; };
		B10007 /* TrackModels.swift */ = {isa = PBXFileReference; lastKnownFileType = sourcecode.swift; path = TrackModels.swift; sourceTree = "<group>"; };
		B10008 /* TrackStore.swift */ = {isa = PBXFileReference; lastKnownFileType = sourcecode.swift; path = TrackStore.swift; sourceTree = "<group>"; };
		B10009 /* Exporters.swift */ = {isa = PBXFileReference; lastKnownFileType = sourcecode.swift; path = Exporters.swift; sourceTree = "<group>"; };
		B10010 /* TrackMapView.swift */ = {isa = PBXFileReference; lastKnownFileType = sourcecode.swift; path = TrackMapView.swift; sourceTree = "<group>"; };
		B10011 /* AltitudeSpeedChart.swift */ = {isa = PBXFileReference; lastKnownFileType = sourcecode.swift; path = AltitudeSpeedChart.swift; sourceTree = "<group>"; };
		B10012 /* ReplayControls.swift */ = {isa = PBXFileReference; lastKnownFileType = sourcecode.swift; path = ReplayControls.swift; sourceTree = "<group>"; };
		B10013 /* HistoryListView.swift */ = {isa = PBXFileReference; lastKnownFileType = sourcecode.swift; path = HistoryListView.swift; sourceTree = "<group>"; };
		B10014 /* RecordDetailView.swift */ = {isa = PBXFileReference; lastKnownFileType = sourcecode.swift; path = RecordDetailView.swift; sourceTree = "<group>"; };
/* End PBXFileReference section */

/* Begin PBXFrameworksBuildPhase section */
		D10001 /* Frameworks */ = {
			isa = PBXFrameworksBuildPhase;
			buildActionMask = 2147483647;
			files = (
			);
			runOnlyForDeploymentPostprocessing = 0;
		};
/* End PBXFrameworksBuildPhase section */

/* Begin PBXGroup section */
		E10001 = {
			isa = PBXGroup;
			children = (
				E10002 /* GeoTrack */,
				E10003 /* Products */,
			);
			sourceTree = "<group>";
		};
		E10002 /* GeoTrack */ = {
			isa = PBXGroup;
			children = (
				B10001 /* GeoTrackApp.swift */,
				B10002 /* ContentView.swift */,
				B10003 /* LocationManager.swift */,
				B10004 /* AltitudeFilter.swift */,
				B10005 /* KalmanLatLong.swift */,
				B10007 /* TrackModels.swift */,
				B10008 /* TrackStore.swift */,
				B10009 /* Exporters.swift */,
				B10010 /* TrackMapView.swift */,
				B10011 /* AltitudeSpeedChart.swift */,
				B10012 /* ReplayControls.swift */,
				B10013 /* HistoryListView.swift */,
				B10014 /* RecordDetailView.swift */,
				B10006 /* Info.plist */,
			);
			path = GeoTrack;
			sourceTree = "<group>";
		};
		E10003 /* Products */ = {
			isa = PBXGroup;
			children = (
				C10001 /* GeoTrack.app */,
			);
			name = Products;
			sourceTree = "<group>";
		};
/* End PBXGroup section */

/* Begin PBXNativeTarget section */
		F10001 /* GeoTrack */ = {
			isa = PBXNativeTarget;
			buildConfigurationList = G10001 /* Build configuration list for PBXNativeTarget "GeoTrack" */;
			buildPhases = (
				H10001 /* Sources */,
				D10001 /* Frameworks */,
				I10001 /* Resources */,
			);
			buildRules = (
			);
			dependencies = (
			);
			name = GeoTrack;
			productName = GeoTrack;
			productReference = C10001 /* GeoTrack.app */;
			productType = "com.apple.product-type.application";
		};
/* End PBXNativeTarget section */

/* Begin PBXProject section */
		J10001 /* Project object */ = {
			isa = PBXProject;
			attributes = {
				BuildIndependentTargetsInParallel = 1;
				LastSwiftUpdateCheck = 1500;
				LastUpgradeCheck = 1500;
			};
			buildConfigurationList = K10001 /* Build configuration list for PBXProject "GeoTrack" */;
			compatibilityVersion = "Xcode 14.0";
			developmentRegion = en;
			hasScannedForEncodings = 0;
			knownRegions = (
				en,
				Base,
			);
			mainGroup = E10001;
			productRefGroup = E10003 /* Products */;
			projectDirPath = "";
			projectRoot = "";
			targets = (
				F10001 /* GeoTrack */,
			);
		};
/* End PBXProject section */

/* Begin PBXResourcesBuildPhase section */
		I10001 /* Resources */ = {
			isa = PBXResourcesBuildPhase;
			buildActionMask = 2147483647;
			files = (
			);
			runOnlyForDeploymentPostprocessing = 0;
		};
/* End PBXResourcesBuildPhase section */

/* Begin PBXSourcesBuildPhase section */
		H10001 /* Sources */ = {
			isa = PBXSourcesBuildPhase;
			buildActionMask = 2147483647;
			files = (
				A10001 /* GeoTrackApp.swift in Sources */,
				A10002 /* ContentView.swift in Sources */,
				A10003 /* LocationManager.swift in Sources */,
				A10004 /* AltitudeFilter.swift in Sources */,
				A10005 /* KalmanLatLong.swift in Sources */,
				A10006 /* TrackModels.swift in Sources */,
				A10007 /* TrackStore.swift in Sources */,
				A10008 /* Exporters.swift in Sources */,
				A10009 /* TrackMapView.swift in Sources */,
				A10010 /* AltitudeSpeedChart.swift in Sources */,
				A10011 /* ReplayControls.swift in Sources */,
				A10012 /* HistoryListView.swift in Sources */,
				A10013 /* RecordDetailView.swift in Sources */,
			);
			runOnlyForDeploymentPostprocessing = 0;
		};
/* End PBXSourcesBuildPhase section */

/* Begin XCBuildConfiguration section */
		L10001 /* Debug */ = {
			isa = XCBuildConfiguration;
			buildSettings = {
				ALWAYS_SEARCH_USER_PATHS = NO;
				CLANG_ANALYZER_NONNULL = YES;
				CLANG_CXX_LANGUAGE_STANDARD = "gnu++20";
				CLANG_ENABLE_MODULES = YES;
				CLANG_ENABLE_OBJC_ARC = YES;
				COPY_PHASE_STRIP = NO;
				DEBUG_INFORMATION_FORMAT = dwarf;
				ENABLE_STRICT_OBJC_MSGSEND = YES;
				ENABLE_TESTABILITY = YES;
				GCC_DYNAMIC_NO_PIC = NO;
				GCC_NO_COMMON_BLOCKS = YES;
				GCC_OPTIMIZATION_LEVEL = 0;
				GCC_PREPROCESSOR_DEFINITIONS = (
					"DEBUG=1",
					"$(inherited)",
				);
				GCC_WARN_64_TO_32_BIT_CONVERSION = YES;
				GCC_WARN_ABOUT_RETURN_TYPE = YES_ERROR;
				GCC_WARN_UNDECLARED_SELECTOR = YES;
				GCC_WARN_UNINITIALIZED_AUTOS = YES_AGGRESSIVE;
				GCC_WARN_UNUSED_FUNCTION = YES;
				GCC_WARN_UNUSED_VARIABLE = YES;
				IPHONEOS_DEPLOYMENT_TARGET = 16.0;
				MTL_ENABLE_DEBUG_INFO = INCLUDE_SOURCE;
				ONLY_ACTIVE_ARCH = YES;
				SDKROOT = iphoneos;
				SWIFT_ACTIVE_COMPILATION_CONDITIONS = DEBUG;
				SWIFT_OPTIMIZATION_LEVEL = "-Onone";
			};
			name = Debug;
		};
		L10002 /* Release */ = {
			isa = XCBuildConfiguration;
			buildSettings = {
				ALWAYS_SEARCH_USER_PATHS = NO;
				CLANG_ANALYZER_NONNULL = YES;
				CLANG_CXX_LANGUAGE_STANDARD = "gnu++20";
				CLANG_ENABLE_MODULES = YES;
				CLANG_ENABLE_OBJC_ARC = YES;
				COPY_PHASE_STRIP = NO;
				DEBUG_INFORMATION_FORMAT = "dwarf-with-dsym";
				ENABLE_NS_ASSERTIONS = NO;
				ENABLE_STRICT_OBJC_MSGSEND = YES;
				GCC_NO_COMMON_BLOCKS = YES;
				GCC_WARN_64_TO_32_BIT_CONVERSION = YES;
				GCC_WARN_ABOUT_RETURN_TYPE = YES_ERROR;
				GCC_WARN_UNDECLARED_SELECTOR = YES;
				GCC_WARN_UNINITIALIZED_AUTOS = YES_AGGRESSIVE;
				GCC_WARN_UNUSED_FUNCTION = YES;
				GCC_WARN_UNUSED_VARIABLE = YES;
				IPHONEOS_DEPLOYMENT_TARGET = 16.0;
				MTL_ENABLE_DEBUG_INFO = NO;
				SDKROOT = iphoneos;
				SWIFT_COMPILATION_MODE = wholemodule;
				SWIFT_OPTIMIZATION_LEVEL = "-O";
				VALIDATE_PRODUCT = YES;
			};
			name = Release;
		};
		L10003 /* Debug */ = {
			isa = XCBuildConfiguration;
			buildSettings = {
				ASSETCATALOG_COMPILER_APPICON_NAME = AppIcon;
				CODE_SIGN_STYLE = Automatic;
				CODE_SIGNING_ALLOWED = NO;
				CURRENT_PROJECT_VERSION = 1;
				ENABLE_PREVIEWS = YES;
				GENERATE_INFOPLIST_FILE = NO;
				INFOPLIST_FILE = GeoTrack/Info.plist;
				LD_RUNPATH_SEARCH_PATHS = (
					"$(inherited)",
					"@executable_path/Frameworks",
				);
				MARKETING_VERSION = 1.0;
				PRODUCT_BUNDLE_IDENTIFIER = ir.polymindhub.geotrack;
				PRODUCT_NAME = "$(TARGET_NAME)";
				SWIFT_EMIT_LOC_STRINGS = YES;
				SWIFT_VERSION = 5.0;
				TARGETED_DEVICE_FAMILY = "1,2";
			};
			name = Debug;
		};
		L10004 /* Release */ = {
			isa = XCBuildConfiguration;
			buildSettings = {
				ASSETCATALOG_COMPILER_APPICON_NAME = AppIcon;
				CODE_SIGN_STYLE = Automatic;
				CODE_SIGNING_ALLOWED = NO;
				CURRENT_PROJECT_VERSION = 1;
				ENABLE_PREVIEWS = YES;
				GENERATE_INFOPLIST_FILE = NO;
				INFOPLIST_FILE = GeoTrack/Info.plist;
				LD_RUNPATH_SEARCH_PATHS = (
					"$(inherited)",
					"@executable_path/Frameworks",
				);
				MARKETING_VERSION = 1.0;
				PRODUCT_BUNDLE_IDENTIFIER = ir.polymindhub.geotrack;
				PRODUCT_NAME = "$(TARGET_NAME)";
				SWIFT_EMIT_LOC_STRINGS = YES;
				SWIFT_VERSION = 5.0;
				TARGETED_DEVICE_FAMILY = "1,2";
			};
			name = Release;
		};
/* End XCBuildConfiguration section */

/* Begin XCConfigurationList section */
		K10001 /* Build configuration list for PBXProject "GeoTrack" */ = {
			isa = XCConfigurationList;
			buildConfigurations = (
				L10001 /* Debug */,
				L10002 /* Release */,
			);
			defaultConfigurationIsVisible = 0;
			defaultConfigurationName = Release;
		};
		G10001 /* Build configuration list for PBXNativeTarget "GeoTrack" */ = {
			isa = XCConfigurationList;
			buildConfigurations = (
				L10003 /* Debug */,
				L10004 /* Release */,
			);
			defaultConfigurationIsVisible = 0;
			defaultConfigurationName = Release;
		};
/* End XCConfigurationList section */

	};
	rootObject = J10001 /* Project object */;
}
